// !$*UTF8*$!
{
	archiveVersion = 1;
	classes = {
	};
	objectVersion = 46;
	objects = {

/* Begin PBXBuildFile section */
		6F5107A151FC7ED25E3BDA95 /* libPods-GitHubViewer.a in Frameworks */ = {isa = PBXBuildFile; fileRef = 29115900F37121558B78E9B1 /* libPods-GitHubViewer.a */; };
		77B57392FD66F1CB8937C069 /* libPods-GitHubViewerUITests.a in Frameworks */ = {isa = PBXBuildFile; fileRef = 2CFDB78D8D0A772BA833B3B6 /* libPods-GitHubViewerUITests.a */; };
		B1054D2B1E0EA7F400A45C0B /* PullRequestsViewController.m in Sources */ = {isa = PBXBuildFile; fileRef = B1054D2A1E0EA7F400A45C0B /* PullRequestsViewController.m */; };
		B1054D2E1E0EB02200A45C0B /* PullRequest.m in Sources */ = {isa = PBXBuildFile; fileRef = B1054D2D1E0EB02200A45C0B /* PullRequest.m */; };
		B1054D311E0EB03B00A45C0B /* User.m in Sources */ = {isa = PBXBuildFile; fileRef = B1054D301E0EB03B00A45C0B /* User.m */; };
		B1054D371E0EB0AE00A45C0B /* PullRequestCell.m in Sources */ = {isa = PBXBuildFile; fileRef = B1054D361E0EB0AE00A45C0B /* PullRequestCell.m */; };
		B1054D3D1E0EF5BC00A45C0B /* CoreDataManager.m in Sources */ = {isa = PBXBuildFile; fileRef = B1054D3C1E0EF5BC00A45C0B /* CoreDataManager.m */; };
		B13B7B821E0CACB000A6FF60 /* main.m in Sources */ = {isa = PBXBuildFile; fileRef = B13B7B811E0CACB000A6FF60 /* main.m */; };
		B13B7B851E0CACB000A6FF60 /* AppDelegate.m in Sources */ = {isa = PBXBuildFile; fileRef = B13B7B841E0CACB000A6FF60 /* AppDelegate.m */; };
		B13B7B8B1E0CACB000A6FF60 /* Main.storyboard in Resources */ = {isa = PBXBuildFile; fileRef = B13B7B891E0CACB000A6FF60 /* Main.storyboard */; };
		B13B7B8E1E0CACB000A6FF60 /* GitHubViewer.xcdatamodeld in Sources */ = {isa = PBXBuildFile; fileRef = B13B7B8C1E0CACB000A6FF60 /* GitHubViewer.xcdatamodeld */; };
		B13B7B901E0CACB000A6FF60 /* Assets.xcassets in Resources */ = {isa = PBXBuildFile; fileRef = B13B7B8F1E0CACB000A6FF60 /* Assets.xcassets */; };
		B13B7B931E0CACB000A6FF60 /* LaunchScreen.storyboard in Resources */ = {isa = PBXBuildFile; fileRef = B13B7B911E0CACB000A6FF60 /* LaunchScreen.storyboard */; };
		B13B7B9E1E0CACB100A6FF60 /* GitHubViewerTests.m in Sources */ = {isa = PBXBuildFile; fileRef = B13B7B9D1E0CACB100A6FF60 /* GitHubViewerTests.m */; };
		B13B7BA91E0CACB100A6FF60 /* GitHubViewerUITests.m in Sources */ = {isa = PBXBuildFile; fileRef = B13B7BA81E0CACB100A6FF60 /* GitHubViewerUITests.m */; };
		B13B7BC11E0D2C1500A6FF60 /* RepositoriesViewController.m in Sources */ = {isa = PBXBuildFile; fileRef = B13B7BC01E0D2C1500A6FF60 /* RepositoriesViewController.m */; };
		B13B7BC41E0D2DCD00A6FF60 /* RepositoryCell.m in Sources */ = {isa = PBXBuildFile; fileRef = B13B7BC31E0D2DCD00A6FF60 /* RepositoryCell.m */; };
		B13B7BC91E0DC83500A6FF60 /* GitHubAPIRepository.m in Sources */ = {isa = PBXBuildFile; fileRef = B13B7BC81E0DC83500A6FF60 /* GitHubAPIRepository.m */; };
		B13B7BCD1E0DC8BE00A6FF60 /* Repository.m in Sources */ = {isa = PBXBuildFile; fileRef = B13B7BCC1E0DC8BE00A6FF60 /* Repository.m */; };
		B13B7BD01E0DC8D300A6FF60 /* Owner.m in Sources */ = {isa = PBXBuildFile; fileRef = B13B7BCF1E0DC8D300A6FF60 /* Owner.m */; };
		B13B7BD91E0E941E00A6FF60 /* MySplitViewController.m in Sources */ = {isa = PBXBuildFile; fileRef = B13B7BD81E0E941E00A6FF60 /* MySplitViewController.m */; };
		B1F43A521E1080AF00F12E19 /* CoreDataManagerTests.swift in Sources */ = {isa = PBXBuildFile; fileRef = B1F43A511E1080AF00F12E19 /* CoreDataManagerTests.swift */; };
		FB9DAB47B75338C1038B35A8 /* libPods-GitHubViewerTests.a in Frameworks */ = {isa = PBXBuildFile; fileRef = E242B95B76D8A8B8CEC2EA42 /* libPods-GitHubViewerTests.a */; };
/* End PBXBuildFile section */

/* Begin PBXContainerItemProxy section */
		B13B7B9A1E0CACB100A6FF60 /* PBXContainerItemProxy */ = {
			isa = PBXContainerItemProxy;
			containerPortal = B13B7B751E0CACB000A6FF60 /* Project object */;
			proxyType = 1;
			remoteGlobalIDString = B13B7B7C1E0CACB000A6FF60;
			remoteInfo = GitHubViewer;
		};
		B13B7BA51E0CACB100A6FF60 /* PBXContainerItemProxy */ = {
			isa = PBXContainerItemProxy;
			containerPortal = B13B7B751E0CACB000A6FF60 /* Project object */;
			proxyType = 1;
			remoteGlobalIDString = B13B7B7C1E0CACB000A6FF60;
			remoteInfo = GitHubViewer;
		};
/* End PBXContainerItemProxy section */

/* Begin PBXFileReference section */
		15FB0E89D58543C8AA4BE104 /* Pods-GitHubViewerTests.release.xcconfig */ = {isa = PBXFileReference; includeInIndex = 1; lastKnownFileType = text.xcconfig; name = "Pods-GitHubViewerTests.release.xcconfig"; path = "Pods/Target Support Files/Pods-GitHubViewerTests/Pods-GitHubViewerTests.release.xcconfig"; sourceTree = "<group>"; };
		29115900F37121558B78E9B1 /* libPods-GitHubViewer.a */ = {isa = PBXFileReference; explicitFileType = archive.ar; includeInIndex = 0; path = "libPods-GitHubViewer.a"; sourceTree = BUILT_PRODUCTS_DIR; };
		2CFDB78D8D0A772BA833B3B6 /* libPods-GitHubViewerUITests.a */ = {isa = PBXFileReference; explicitFileType = archive.ar; includeInIndex = 0; path = "libPods-GitHubViewerUITests.a"; sourceTree = BUILT_PRODUCTS_DIR; };
		3076B9BD0358E354F02EEAD8 /* Pods-GitHubViewerUITests.debug.xcconfig */ = {isa = PBXFileReference; includeInIndex = 1; lastKnownFileType = text.xcconfig; name = "Pods-GitHubViewerUITests.debug.xcconfig"; path = "Pods/Target Support Files/Pods-GitHubViewerUITests/Pods-GitHubViewerUITests.debug.xcconfig"; sourceTree = "<group>"; };
		5833931BF409E2FDD4136E63 /* Pods-GitHubViewerTests.debug.xcconfig */ = {isa = PBXFileReference; includeInIndex = 1; lastKnownFileType = text.xcconfig; name = "Pods-GitHubViewerTests.debug.xcconfig"; path = "Pods/Target Support Files/Pods-GitHubViewerTests/Pods-GitHubViewerTests.debug.xcconfig"; sourceTree = "<group>"; };
		A26B85953B67C10EB497E49B /* Pods-GitHubViewer.debug.xcconfig */ = {isa = PBXFileReference; includeInIndex = 1; lastKnownFileType = text.xcconfig; name = "Pods-GitHubViewer.debug.xcconfig"; path = "Pods/Target Support Files/Pods-GitHubViewer/Pods-GitHubViewer.debug.xcconfig"; sourceTree = "<group>"; };
		B1054D291E0EA7F400A45C0B /* PullRequestsViewController.h */ = {isa = PBXFileReference; fileEncoding = 4; lastKnownFileType = sourcecode.c.h; path = PullRequestsViewController.h; sourceTree = "<group>"; };
		B1054D2A1E0EA7F400A45C0B /* PullRequestsViewController.m */ = {isa = PBXFileReference; fileEncoding = 4; lastKnownFileType = sourcecode.c.objc; path = PullRequestsViewController.m; sourceTree = "<group>"; };
		B1054D2C1E0EB02200A45C0B /* PullRequest.h */ = {isa = PBXFileReference; fileEncoding = 4; lastKnownFileType = sourcecode.c.h; path = PullRequest.h; sourceTree = "<group>"; };
		B1054D2D1E0EB02200A45C0B /* PullRequest.m */ = {isa = PBXFileReference; fileEncoding = 4; lastKnownFileType = sourcecode.c.objc; path = PullRequest.m; sourceTree = "<group>"; };
		B1054D2F1E0EB03B00A45C0B /* User.h */ = {isa = PBXFileReference; fileEncoding = 4; lastKnownFileType = sourcecode.c.h; path = User.h; sourceTree = "<group>"; };
		B1054D301E0EB03B00A45C0B /* User.m */ = {isa = PBXFileReference; fileEncoding = 4; lastKnownFileType = sourcecode.c.objc; path = User.m; sourceTree = "<group>"; };
		B1054D351E0EB0AE00A45C0B /* PullRequestCell.h */ = {isa = PBXFileReference; fileEncoding = 4; lastKnownFileType = sourcecode.c.h; path = PullRequestCell.h; sourceTree = "<group>"; };
		B1054D361E0EB0AE00A45C0B /* PullRequestCell.m */ = {isa = PBXFileReference; fileEncoding = 4; lastKnownFileType = sourcecode.c.objc; path = PullRequestCell.m; sourceTree = "<group>"; };
		B1054D3A1E0EBE2900A45C0B /* RepositoryControllerDelegate.h */ = {isa = PBXFileReference; lastKnownFileType = sourcecode.c.h; path = RepositoryControllerDelegate.h; sourceTree = "<group>"; };
		B1054D3B1E0EF5BC00A45C0B /* CoreDataManager.h */ = {isa = PBXFileReference; fileEncoding = 4; lastKnownFileType = sourcecode.c.h; path = CoreDataManager.h; sourceTree = "<group>"; };
		B1054D3C1E0EF5BC00A45C0B /* CoreDataManager.m */ = {isa = PBXFileReference; fileEncoding = 4; lastKnownFileType = sourcecode.c.objc; path = CoreDataManager.m; sourceTree = "<group>"; };
		B13B7B7D1E0CACB000A6FF60 /* GitHubViewer.app */ = {isa = PBXFileReference; explicitFileType = wrapper.application; includeInIndex = 0; path = GitHubViewer.app; sourceTree = BUILT_PRODUCTS_DIR; };
		B13B7B811E0CACB000A6FF60 /* main.m */ = {isa = PBXFileReference; lastKnownFileType = sourcecode.c.objc; path = main.m; sourceTree = "<group>"; };
		B13B7B831E0CACB000A6FF60 /* AppDelegate.h */ = {isa = PBXFileReference; lastKnownFileType = sourcecode.c.h; path = AppDelegate.h; sourceTree = "<group>"; };
		B13B7B841E0CACB000A6FF60 /* AppDelegate.m */ = {isa = PBXFileReference; lastKnownFileType = sourcecode.c.objc; path = AppDelegate.m; sourceTree = "<group>"; };
		B13B7B8A1E0CACB000A6FF60 /* Base */ = {isa = PBXFileReference; lastKnownFileType = file.storyboard; name = Base; path = Base.lproj/Main.storyboard; sourceTree = "<group>"; };
		B13B7B8D1E0CACB000A6FF60 /* GitHubViewer.xcdatamodel */ = {isa = PBXFileReference; lastKnownFileType = wrapper.xcdatamodel; path = GitHubViewer.xcdatamodel; sourceTree = "<group>"; };
		B13B7B8F1E0CACB000A6FF60 /* Assets.xcassets */ = {isa = PBXFileReference; lastKnownFileType = folder.assetcatalog; path = Assets.xcassets; sourceTree = "<group>"; };
		B13B7B921E0CACB000A6FF60 /* Base */ = {isa = PBXFileReference; lastKnownFileType = file.storyboard; name = Base; path = Base.lproj/LaunchScreen.storyboard; sourceTree = "<group>"; };
		B13B7B941E0CACB000A6FF60 /* Info.plist */ = {isa = PBXFileReference; lastKnownFileType = text.plist.xml; path = Info.plist; sourceTree = "<group>"; };
		B13B7B991E0CACB100A6FF60 /* GitHubViewerTests.xctest */ = {isa = PBXFileReference; explicitFileType = wrapper.cfbundle; includeInIndex = 0; path = GitHubViewerTests.xctest; sourceTree = BUILT_PRODUCTS_DIR; };
		B13B7B9D1E0CACB100A6FF60 /* GitHubViewerTests.m */ = {isa = PBXFileReference; lastKnownFileType = sourcecode.c.objc; path = GitHubViewerTests.m; sourceTree = "<group>"; };
		B13B7B9F1E0CACB100A6FF60 /* Info.plist */ = {isa = PBXFileReference; lastKnownFileType = text.plist.xml; path = Info.plist; sourceTree = "<group>"; };
		B13B7BA41E0CACB100A6FF60 /* GitHubViewerUITests.xctest */ = {isa = PBXFileReference; explicitFileType = wrapper.cfbundle; includeInIndex = 0; path = GitHubViewerUITests.xctest; sourceTree = BUILT_PRODUCTS_DIR; };
		B13B7BA81E0CACB100A6FF60 /* GitHubViewerUITests.m */ = {isa = PBXFileReference; lastKnownFileType = sourcecode.c.objc; path = GitHubViewerUITests.m; sourceTree = "<group>"; };
		B13B7BAA1E0CACB100A6FF60 /* Info.plist */ = {isa = PBXFileReference; lastKnownFileType = text.plist.xml; path = Info.plist; sourceTree = "<group>"; };
		B13B7BBF1E0D2C1500A6FF60 /* RepositoriesViewController.h */ = {isa = PBXFileReference; fileEncoding = 4; lastKnownFileType = sourcecode.c.h; path = RepositoriesViewController.h; sourceTree = "<group>"; };
		B13B7BC01E0D2C1500A6FF60 /* RepositoriesViewController.m */ = {isa = PBXFileReference; fileEncoding = 4; lastKnownFileType = sourcecode.c.objc; path = RepositoriesViewController.m; sourceTree = "<group>"; };
		B13B7BC21E0D2DCD00A6FF60 /* RepositoryCell.h */ = {isa = PBXFileReference; fileEncoding = 4; lastKnownFileType = sourcecode.c.h; path = RepositoryCell.h; sourceTree = "<group>"; };
		B13B7BC31E0D2DCD00A6FF60 /* RepositoryCell.m */ = {isa = PBXFileReference; fileEncoding = 4; lastKnownFileType = sourcecode.c.objc; path = RepositoryCell.m; sourceTree = "<group>"; };
		B13B7BC71E0DC83500A6FF60 /* GitHubAPIRepository.h */ = {isa = PBXFileReference; fileEncoding = 4; lastKnownFileType = sourcecode.c.h; path = GitHubAPIRepository.h; sourceTree = "<group>"; };
		B13B7BC81E0DC83500A6FF60 /* GitHubAPIRepository.m */ = {isa = PBXFileReference; fileEncoding = 4; lastKnownFileType = sourcecode.c.objc; path = GitHubAPIRepository.m; sourceTree = "<group>"; };
		B13B7BCA1E0DC85C00A6FF60 /* Const.h */ = {isa = PBXFileReference; lastKnownFileType = sourcecode.c.h; path = Const.h; sourceTree = "<group>"; };
		B13B7BCB1E0DC8BE00A6FF60 /* Repository.h */ = {isa = PBXFileReference; fileEncoding = 4; lastKnownFileType = sourcecode.c.h; path = Repository.h; sourceTree = "<group>"; };
		B13B7BCC1E0DC8BE00A6FF60 /* Repository.m */ = {isa = PBXFileReference; fileEncoding = 4; lastKnownFileType = sourcecode.c.objc; path = Repository.m; sourceTree = "<group>"; };
		B13B7BCE1E0DC8D300A6FF60 /* Owner.h */ = {isa = PBXFileReference; fileEncoding = 4; lastKnownFileType = sourcecode.c.h; path = Owner.h; sourceTree = "<group>"; };
		B13B7BCF1E0DC8D300A6FF60 /* Owner.m */ = {isa = PBXFileReference; fileEncoding = 4; lastKnownFileType = sourcecode.c.objc; path = Owner.m; sourceTree = "<group>"; };
		B13B7BD71E0E941E00A6FF60 /* MySplitViewController.h */ = {isa = PBXFileReference; fileEncoding = 4; lastKnownFileType = sourcecode.c.h; path = MySplitViewController.h; sourceTree = "<group>"; };
		B13B7BD81E0E941E00A6FF60 /* MySplitViewController.m */ = {isa = PBXFileReference; fileEncoding = 4; lastKnownFileType = sourcecode.c.objc; path = MySplitViewController.m; sourceTree = "<group>"; };
		B1F43A501E1080AE00F12E19 /* GitHubViewerTests-Bridging-Header.h */ = {isa = PBXFileReference; lastKnownFileType = sourcecode.c.h; path = "GitHubViewerTests-Bridging-Header.h"; sourceTree = "<group>"; };
		B1F43A511E1080AF00F12E19 /* CoreDataManagerTests.swift */ = {isa = PBXFileReference; fileEncoding = 4; lastKnownFileType = sourcecode.swift; path = CoreDataManagerTests.swift; sourceTree = "<group>"; };
		E242B95B76D8A8B8CEC2EA42 /* libPods-GitHubViewerTests.a */ = {isa = PBXFileReference; explicitFileType = archive.ar; includeInIndex = 0; path = "libPods-GitHubViewerTests.a"; sourceTree = BUILT_PRODUCTS_DIR; };
		E973D5AD7525F929F100F18D /* Pods-GitHubViewerUITests.release.xcconfig */ = {isa = PBXFileReference; includeInIndex = 1; lastKnownFileType = text.xcconfig; name = "Pods-GitHubViewerUITests.release.xcconfig"; path = "Pods/Target Support Files/Pods-GitHubViewerUITests/Pods-GitHubViewerUITests.release.xcconfig"; sourceTree = "<group>"; };
		ED5D5AF51531C5FC6C1F797A /* Pods-GitHubViewer.release.xcconfig */ = {isa = PBXFileReference; includeInIndex = 1; lastKnownFileType = text.xcconfig; name = "Pods-GitHubViewer.release.xcconfig"; path = "Pods/Target Support Files/Pods-GitHubViewer/Pods-GitHubViewer.release.xcconfig"; sourceTree = "<group>"; };
/* End PBXFileReference section */

/* Begin PBXFrameworksBuildPhase section */
		B13B7B7A1E0CACB000A6FF60 /* Frameworks */ = {
			isa = PBXFrameworksBuildPhase;
			buildActionMask = 2147483647;
			files = (
				6F5107A151FC7ED25E3BDA95 /* libPods-GitHubViewer.a in Frameworks */,
			);
			runOnlyForDeploymentPostprocessing = 0;
		};
		B13B7B961E0CACB100A6FF60 /* Frameworks */ = {
			isa = PBXFrameworksBuildPhase;
			buildActionMask = 2147483647;
			files = (
				FB9DAB47B75338C1038B35A8 /* libPods-GitHubViewerTests.a in Frameworks */,
			);
			runOnlyForDeploymentPostprocessing = 0;
		};
		B13B7BA11E0CACB100A6FF60 /* Frameworks */ = {
			isa = PBXFrameworksBuildPhase;
			buildActionMask = 2147483647;
			files = (
				77B57392FD66F1CB8937C069 /* libPods-GitHubViewerUITests.a in Frameworks */,
			);
			runOnlyForDeploymentPostprocessing = 0;
		};
/* End PBXFrameworksBuildPhase section */

/* Begin PBXGroup section */
		52D45B31EDAF4C03D3D7D2CC /* Frameworks */ = {
			isa = PBXGroup;
			children = (
				29115900F37121558B78E9B1 /* libPods-GitHubViewer.a */,
				E242B95B76D8A8B8CEC2EA42 /* libPods-GitHubViewerTests.a */,
				2CFDB78D8D0A772BA833B3B6 /* libPods-GitHubViewerUITests.a */,
			);
			name = Frameworks;
			sourceTree = "<group>";
		};
		67C3FDA7AAB3041961F87331 /* Pods */ = {
			isa = PBXGroup;
			children = (
				A26B85953B67C10EB497E49B /* Pods-GitHubViewer.debug.xcconfig */,
				ED5D5AF51531C5FC6C1F797A /* Pods-GitHubViewer.release.xcconfig */,
				5833931BF409E2FDD4136E63 /* Pods-GitHubViewerTests.debug.xcconfig */,
				15FB0E89D58543C8AA4BE104 /* Pods-GitHubViewerTests.release.xcconfig */,
				3076B9BD0358E354F02EEAD8 /* Pods-GitHubViewerUITests.debug.xcconfig */,
				E973D5AD7525F929F100F18D /* Pods-GitHubViewerUITests.release.xcconfig */,
			);
			name = Pods;
			sourceTree = "<group>";
		};
		B13B7B741E0CACB000A6FF60 = {
			isa = PBXGroup;
			children = (
				B13B7B7F1E0CACB000A6FF60 /* GitHubViewer */,
				B13B7B9C1E0CACB100A6FF60 /* GitHubViewerTests */,
				B13B7BA71E0CACB100A6FF60 /* GitHubViewerUITests */,
				B13B7B7E1E0CACB000A6FF60 /* Products */,
				67C3FDA7AAB3041961F87331 /* Pods */,
				52D45B31EDAF4C03D3D7D2CC /* Frameworks */,
			);
			sourceTree = "<group>";
		};
		B13B7B7E1E0CACB000A6FF60 /* Products */ = {
			isa = PBXGroup;
			children = (
				B13B7B7D1E0CACB000A6FF60 /* GitHubViewer.app */,
				B13B7B991E0CACB100A6FF60 /* GitHubViewerTests.xctest */,
				B13B7BA41E0CACB100A6FF60 /* GitHubViewerUITests.xctest */,
			);
			name = Products;
			sourceTree = "<group>";
		};
		B13B7B7F1E0CACB000A6FF60 /* GitHubViewer */ = {
			isa = PBXGroup;
			children = (
				B13B7BBD1E0D2AAC00A6FF60 /* Model */,
				B13B7BBE1E0D2AB200A6FF60 /* View */,
				B13B7BBC1E0D2AA400A6FF60 /* Controller */,
				B13B7BBB1E0D2A8B00A6FF60 /* Storyboard */,
				B13B7BBA1E0D2A7F00A6FF60 /* Delegate */,
				B13B7BB91E0D2A7700A6FF60 /* CoreData */,
				B13B7B801E0CACB000A6FF60 /* Supporting Files */,
			);
			path = GitHubViewer;
			sourceTree = "<group>";
		};
		B13B7B801E0CACB000A6FF60 /* Supporting Files */ = {
			isa = PBXGroup;
			children = (
				B13B7BCA1E0DC85C00A6FF60 /* Const.h */,
				B13B7B811E0CACB000A6FF60 /* main.m */,
				B13B7B941E0CACB000A6FF60 /* Info.plist */,
				B13B7B8F1E0CACB000A6FF60 /* Assets.xcassets */,
			);
			name = "Supporting Files";
			sourceTree = "<group>";
		};
		B13B7B9C1E0CACB100A6FF60 /* GitHubViewerTests */ = {
			isa = PBXGroup;
			children = (
				B13B7B9D1E0CACB100A6FF60 /* GitHubViewerTests.m */,
				B13B7B9F1E0CACB100A6FF60 /* Info.plist */,
				B1F43A511E1080AF00F12E19 /* CoreDataManagerTests.swift */,
				B1F43A501E1080AE00F12E19 /* GitHubViewerTests-Bridging-Header.h */,
			);
			path = GitHubViewerTests;
			sourceTree = "<group>";
		};
		B13B7BA71E0CACB100A6FF60 /* GitHubViewerUITests */ = {
			isa = PBXGroup;
			children = (
				B13B7BA81E0CACB100A6FF60 /* GitHubViewerUITests.m */,
				B13B7BAA1E0CACB100A6FF60 /* Info.plist */,
			);
			path = GitHubViewerUITests;
			sourceTree = "<group>";
		};
		B13B7BB91E0D2A7700A6FF60 /* CoreData */ = {
			isa = PBXGroup;
			children = (
				B13B7B8C1E0CACB000A6FF60 /* GitHubViewer.xcdatamodeld */,
			);
			name = CoreData;
			sourceTree = "<group>";
		};
		B13B7BBA1E0D2A7F00A6FF60 /* Delegate */ = {
			isa = PBXGroup;
			children = (
				B13B7B831E0CACB000A6FF60 /* AppDelegate.h */,
				B13B7B841E0CACB000A6FF60 /* AppDelegate.m */,
				B1054D3A1E0EBE2900A45C0B /* RepositoryControllerDelegate.h */,
			);
			name = Delegate;
			sourceTree = "<group>";
		};
		B13B7BBB1E0D2A8B00A6FF60 /* Storyboard */ = {
			isa = PBXGroup;
			children = (
				B13B7B891E0CACB000A6FF60 /* Main.storyboard */,
				B13B7B911E0CACB000A6FF60 /* LaunchScreen.storyboard */,
			);
			name = Storyboard;
			sourceTree = "<group>";
		};
		B13B7BBC1E0D2AA400A6FF60 /* Controller */ = {
			isa = PBXGroup;
			children = (
				B13B7BD71E0E941E00A6FF60 /* MySplitViewController.h */,
				B13B7BD81E0E941E00A6FF60 /* MySplitViewController.m */,
				B1054D291E0EA7F400A45C0B /* PullRequestsViewController.h */,
				B1054D2A1E0EA7F400A45C0B /* PullRequestsViewController.m */,
				B13B7BBF1E0D2C1500A6FF60 /* RepositoriesViewController.h */,
				B13B7BC01E0D2C1500A6FF60 /* RepositoriesViewController.m */,
			);
			name = Controller;
			sourceTree = "<group>";
		};
		B13B7BBD1E0D2AAC00A6FF60 /* Model */ = {
			isa = PBXGroup;
			children = (
				B13B7BC61E0DC80600A6FF60 /* Repository */,
				B13B7BC51E0DC7FF00A6FF60 /* Objects */,
			);
			name = Model;
			sourceTree = "<group>";
		};
		B13B7BBE1E0D2AB200A6FF60 /* View */ = {
			isa = PBXGroup;
			children = (
				B1054D351E0EB0AE00A45C0B /* PullRequestCell.h */,
				B1054D361E0EB0AE00A45C0B /* PullRequestCell.m */,
				B13B7BC21E0D2DCD00A6FF60 /* RepositoryCell.h */,
				B13B7BC31E0D2DCD00A6FF60 /* RepositoryCell.m */,
			);
			name = View;
			sourceTree = "<group>";
		};
		B13B7BC51E0DC7FF00A6FF60 /* Objects */ = {
			isa = PBXGroup;
			children = (
				B13B7BCE1E0DC8D300A6FF60 /* Owner.h */,
				B13B7BCF1E0DC8D300A6FF60 /* Owner.m */,
				B1054D2C1E0EB02200A45C0B /* PullRequest.h */,
				B1054D2D1E0EB02200A45C0B /* PullRequest.m */,
				B13B7BCB1E0DC8BE00A6FF60 /* Repository.h */,
				B13B7BCC1E0DC8BE00A6FF60 /* Repository.m */,
				B1054D2F1E0EB03B00A45C0B /* User.h */,
				B1054D301E0EB03B00A45C0B /* User.m */,
				B1054D3B1E0EF5BC00A45C0B /* CoreDataManager.h */,
				B1054D3C1E0EF5BC00A45C0B /* CoreDataManager.m */,
			);
			name = Objects;
			sourceTree = "<group>";
		};
		B13B7BC61E0DC80600A6FF60 /* Repository */ = {
			isa = PBXGroup;
			children = (
				B13B7BC71E0DC83500A6FF60 /* GitHubAPIRepository.h */,
				B13B7BC81E0DC83500A6FF60 /* GitHubAPIRepository.m */,
			);
			name = Repository;
			sourceTree = "<group>";
		};
/* End PBXGroup section */

/* Begin PBXNativeTarget section */
		B13B7B7C1E0CACB000A6FF60 /* GitHubViewer */ = {
			isa = PBXNativeTarget;
			buildConfigurationList = B13B7BAD1E0CACB100A6FF60 /* Build configuration list for PBXNativeTarget "GitHubViewer" */;
			buildPhases = (
				884C2A42CDE209455FBA6CB8 /* [CP] Check Pods Manifest.lock */,
				B13B7B791E0CACB000A6FF60 /* Sources */,
				B13B7B7A1E0CACB000A6FF60 /* Frameworks */,
				B13B7B7B1E0CACB000A6FF60 /* Resources */,
				6220F0BCCC9A3FCBDEF79820 /* [CP] Embed Pods Frameworks */,
				3DB4221E6931AEB6B460E5FD /* [CP] Copy Pods Resources */,
			);
			buildRules = (
			);
			dependencies = (
			);
			name = GitHubViewer;
			productName = GitHubViewer;
			productReference = B13B7B7D1E0CACB000A6FF60 /* GitHubViewer.app */;
			productType = "com.apple.product-type.application";
		};
		B13B7B981E0CACB100A6FF60 /* GitHubViewerTests */ = {
			isa = PBXNativeTarget;
			buildConfigurationList = B13B7BB01E0CACB100A6FF60 /* Build configuration list for PBXNativeTarget "GitHubViewerTests" */;
			buildPhases = (
				137AC006AE8C5407B5EAC99A /* [CP] Check Pods Manifest.lock */,
				B13B7B951E0CACB100A6FF60 /* Sources */,
				B13B7B961E0CACB100A6FF60 /* Frameworks */,
				B13B7B971E0CACB100A6FF60 /* Resources */,
				597D2330786C4C9E49DCD047 /* [CP] Embed Pods Frameworks */,
				0488D22410E641E37B2E76CE /* [CP] Copy Pods Resources */,
			);
			buildRules = (
			);
			dependencies = (
				B13B7B9B1E0CACB100A6FF60 /* PBXTargetDependency */,
			);
			name = GitHubViewerTests;
			productName = GitHubViewerTests;
			productReference = B13B7B991E0CACB100A6FF60 /* GitHubViewerTests.xctest */;
			productType = "com.apple.product-type.bundle.unit-test";
		};
		B13B7BA31E0CACB100A6FF60 /* GitHubViewerUITests */ = {
			isa = PBXNativeTarget;
			buildConfigurationList = B13B7BB31E0CACB100A6FF60 /* Build configuration list for PBXNativeTarget "GitHubViewerUITests" */;
			buildPhases = (
				F895A5A2FFCAB055DC831BA0 /* [CP] Check Pods Manifest.lock */,
				B13B7BA01E0CACB100A6FF60 /* Sources */,
				B13B7BA11E0CACB100A6FF60 /* Frameworks */,
				B13B7BA21E0CACB100A6FF60 /* Resources */,
				6D7F7F54508C6B770B6FA925 /* [CP] Embed Pods Frameworks */,
				5642033025B77026B8E94225 /* [CP] Copy Pods Resources */,
			);
			buildRules = (
			);
			dependencies = (
				B13B7BA61E0CACB100A6FF60 /* PBXTargetDependency */,
			);
			name = GitHubViewerUITests;
			productName = GitHubViewerUITests;
			productReference = B13B7BA41E0CACB100A6FF60 /* GitHubViewerUITests.xctest */;
			productType = "com.apple.product-type.bundle.ui-testing";
		};
/* End PBXNativeTarget section */

/* Begin PBXProject section */
		B13B7B751E0CACB000A6FF60 /* Project object */ = {
			isa = PBXProject;
			attributes = {
				LastUpgradeCheck = 0800;
				ORGANIZATIONNAME = "Pedro Yusim";
				TargetAttributes = {
					B13B7B7C1E0CACB000A6FF60 = {
						CreatedOnToolsVersion = 8.0;
						ProvisioningStyle = Automatic;
					};
					B13B7B981E0CACB100A6FF60 = {
						CreatedOnToolsVersion = 8.0;
						LastSwiftMigration = 0800;
						ProvisioningStyle = Automatic;
						TestTargetID = B13B7B7C1E0CACB000A6FF60;
					};
					B13B7BA31E0CACB100A6FF60 = {
						CreatedOnToolsVersion = 8.0;
						ProvisioningStyle = Automatic;
						TestTargetID = B13B7B7C1E0CACB000A6FF60;
					};
				};
			};
			buildConfigurationList = B13B7B781E0CACB000A6FF60 /* Build configuration list for PBXProject "GitHubViewer" */;
			compatibilityVersion = "Xcode 3.2";
			developmentRegion = English;
			hasScannedForEncodings = 0;
			knownRegions = (
				en,
				Base,
			);
			mainGroup = B13B7B741E0CACB000A6FF60;
			productRefGroup = B13B7B7E1E0CACB000A6FF60 /* Products */;
			projectDirPath = "";
			projectRoot = "";
			targets = (
				B13B7B7C1E0CACB000A6FF60 /* GitHubViewer */,
				B13B7B981E0CACB100A6FF60 /* GitHubViewerTests */,
				B13B7BA31E0CACB100A6FF60 /* GitHubViewerUITests */,
			);
		};
/* End PBXProject section */

/* Begin PBXResourcesBuildPhase section */
		B13B7B7B1E0CACB000A6FF60 /* Resources */ = {
			isa = PBXResourcesBuildPhase;
			buildActionMask = 2147483647;
			files = (
				B13B7B931E0CACB000A6FF60 /* LaunchScreen.storyboard in Resources */,
				B13B7B901E0CACB000A6FF60 /* Assets.xcassets in Resources */,
				B13B7B8B1E0CACB000A6FF60 /* Main.storyboard in Resources */,
			);
			runOnlyForDeploymentPostprocessing = 0;
		};
		B13B7B971E0CACB100A6FF60 /* Resources */ = {
			isa = PBXResourcesBuildPhase;
			buildActionMask = 2147483647;
			files = (
			);
			runOnlyForDeploymentPostprocessing = 0;
		};
		B13B7BA21E0CACB100A6FF60 /* Resources */ = {
			isa = PBXResourcesBuildPhase;
			buildActionMask = 2147483647;
			files = (
			);
			runOnlyForDeploymentPostprocessing = 0;
		};
/* End PBXResourcesBuildPhase section */

/* Begin PBXShellScriptBuildPhase section */
		0488D22410E641E37B2E76CE /* [CP] Copy Pods Resources */ = {
			isa = PBXShellScriptBuildPhase;
			buildActionMask = 2147483647;
			files = (
			);
			inputPaths = (
			);
			name = "[CP] Copy Pods Resources";
			outputPaths = (
			);
			runOnlyForDeploymentPostprocessing = 0;
			shellPath = /bin/sh;
			shellScript = "\"${SRCROOT}/Pods/Target Support Files/Pods-GitHubViewerTests/Pods-GitHubViewerTests-resources.sh\"\n";
			showEnvVarsInLog = 0;
		};
		137AC006AE8C5407B5EAC99A /* [CP] Check Pods Manifest.lock */ = {
			isa = PBXShellScriptBuildPhase;
			buildActionMask = 2147483647;
			files = (
			);
			inputPaths = (
			);
			name = "[CP] Check Pods Manifest.lock";
			outputPaths = (
			);
			runOnlyForDeploymentPostprocessing = 0;
			shellPath = /bin/sh;
			shellScript = "diff \"${PODS_ROOT}/../Podfile.lock\" \"${PODS_ROOT}/Manifest.lock\" > /dev/null\nif [ $? != 0 ] ; then\n    # print error to STDERR\n    echo \"error: The sandbox is not in sync with the Podfile.lock. Run 'pod install' or update your CocoaPods installation.\" >&2\n    exit 1\nfi\n";
			showEnvVarsInLog = 0;
		};
		3DB4221E6931AEB6B460E5FD /* [CP] Copy Pods Resources */ = {
			isa = PBXShellScriptBuildPhase;
			buildActionMask = 2147483647;
			files = (
			);
			inputPaths = (
			);
			name = "[CP] Copy Pods Resources";
			outputPaths = (
			);
			runOnlyForDeploymentPostprocessing = 0;
			shellPath = /bin/sh;
			shellScript = "\"${SRCROOT}/Pods/Target Support Files/Pods-GitHubViewer/Pods-GitHubViewer-resources.sh\"\n";
			showEnvVarsInLog = 0;
		};
		5642033025B77026B8E94225 /* [CP] Copy Pods Resources */ = {
			isa = PBXShellScriptBuildPhase;
			buildActionMask = 2147483647;
			files = (
			);
			inputPaths = (
			);
			name = "[CP] Copy Pods Resources";
			outputPaths = (
			);
			runOnlyForDeploymentPostprocessing = 0;
			shellPath = /bin/sh;
			shellScript = "\"${SRCROOT}/Pods/Target Support Files/Pods-GitHubViewerUITests/Pods-GitHubViewerUITests-resources.sh\"\n";
			showEnvVarsInLog = 0;
		};
		597D2330786C4C9E49DCD047 /* [CP] Embed Pods Frameworks */ = {
			isa = PBXShellScriptBuildPhase;
			buildActionMask = 2147483647;
			files = (
			);
			inputPaths = (
			);
			name = "[CP] Embed Pods Frameworks";
			outputPaths = (
			);
			runOnlyForDeploymentPostprocessing = 0;
			shellPath = /bin/sh;
			shellScript = "\"${SRCROOT}/Pods/Target Support Files/Pods-GitHubViewerTests/Pods-GitHubViewerTests-frameworks.sh\"\n";
			showEnvVarsInLog = 0;
		};
		6220F0BCCC9A3FCBDEF79820 /* [CP] Embed Pods Frameworks */ = {
			isa = PBXShellScriptBuildPhase;
			buildActionMask = 2147483647;
			files = (
			);
			inputPaths = (
			);
			name = "[CP] Embed Pods Frameworks";
			outputPaths = (
			);
			runOnlyForDeploymentPostprocessing = 0;
			shellPath = /bin/sh;
			shellScript = "\"${SRCROOT}/Pods/Target Support Files/Pods-GitHubViewer/Pods-GitHubViewer-frameworks.sh\"\n";
			showEnvVarsInLog = 0;
		};
		6D7F7F54508C6B770B6FA925 /* [CP] Embed Pods Frameworks */ = {
			isa = PBXShellScriptBuildPhase;
			buildActionMask = 2147483647;
			files = (
			);
			inputPaths = (
			);
			name = "[CP] Embed Pods Frameworks";
			outputPaths = (
			);
			runOnlyForDeploymentPostprocessing = 0;
			shellPath = /bin/sh;
			shellScript = "\"${SRCROOT}/Pods/Target Support Files/Pods-GitHubViewerUITests/Pods-GitHubViewerUITests-frameworks.sh\"\n";
			showEnvVarsInLog = 0;
		};
		884C2A42CDE209455FBA6CB8 /* [CP] Check Pods Manifest.lock */ = {
			isa = PBXShellScriptBuildPhase;
			buildActionMask = 2147483647;
			files = (
			);
			inputPaths = (
			);
			name = "[CP] Check Pods Manifest.lock";
			outputPaths = (
			);
			runOnlyForDeploymentPostprocessing = 0;
			shellPath = /bin/sh;
			shellScript = "diff \"${PODS_ROOT}/../Podfile.lock\" \"${PODS_ROOT}/Manifest.lock\" > /dev/null\nif [ $? != 0 ] ; then\n    # print error to STDERR\n    echo \"error: The sandbox is not in sync with the Podfile.lock. Run 'pod install' or update your CocoaPods installation.\" >&2\n    exit 1\nfi\n";
			showEnvVarsInLog = 0;
		};
		F895A5A2FFCAB055DC831BA0 /* [CP] Check Pods Manifest.lock */ = {
			isa = PBXShellScriptBuildPhase;
			buildActionMask = 2147483647;
			files = (
			);
			inputPaths = (
			);
			name = "[CP] Check Pods Manifest.lock";
			outputPaths = (
			);
			runOnlyForDeploymentPostprocessing = 0;
			shellPath = /bin/sh;
			shellScript = "diff \"${PODS_ROOT}/../Podfile.lock\" \"${PODS_ROOT}/Manifest.lock\" > /dev/null\nif [ $? != 0 ] ; then\n    # print error to STDERR\n    echo \"error: The sandbox is not in sync with the Podfile.lock. Run 'pod install' or update your CocoaPods installation.\" >&2\n    exit 1\nfi\n";
			showEnvVarsInLog = 0;
		};
/* End PBXShellScriptBuildPhase section */

/* Begin PBXSourcesBuildPhase section */
		B13B7B791E0CACB000A6FF60 /* Sources */ = {
			isa = PBXSourcesBuildPhase;
			buildActionMask = 2147483647;
			files = (
				B13B7BCD1E0DC8BE00A6FF60 /* Repository.m in Sources */,
				B1054D2E1E0EB02200A45C0B /* PullRequest.m in Sources */,
				B13B7B851E0CACB000A6FF60 /* AppDelegate.m in Sources */,
				B13B7B8E1E0CACB000A6FF60 /* GitHubViewer.xcdatamodeld in Sources */,
				B1054D371E0EB0AE00A45C0B /* PullRequestCell.m in Sources */,
				B1054D2B1E0EA7F400A45C0B /* PullRequestsViewController.m in Sources */,
				B13B7BC41E0D2DCD00A6FF60 /* RepositoryCell.m in Sources */,
				B13B7BC91E0DC83500A6FF60 /* GitHubAPIRepository.m in Sources */,
				B1054D3D1E0EF5BC00A45C0B /* CoreDataManager.m in Sources */,
				B13B7BD01E0DC8D300A6FF60 /* Owner.m in Sources */,
				B1054D311E0EB03B00A45C0B /* User.m in Sources */,
				B13B7BD91E0E941E00A6FF60 /* MySplitViewController.m in Sources */,
				B13B7BC11E0D2C1500A6FF60 /* RepositoriesViewController.m in Sources */,
				B13B7B821E0CACB000A6FF60 /* main.m in Sources */,
			);
			runOnlyForDeploymentPostprocessing = 0;
		};
		B13B7B951E0CACB100A6FF60 /* Sources */ = {
			isa = PBXSourcesBuildPhase;
			buildActionMask = 2147483647;
			files = (
				B1F43A521E1080AF00F12E19 /* CoreDataManagerTests.swift in Sources */,
				B13B7B9E1E0CACB100A6FF60 /* GitHubViewerTests.m in Sources */,
			);
			runOnlyForDeploymentPostprocessing = 0;
		};
		B13B7BA01E0CACB100A6FF60 /* Sources */ = {
			isa = PBXSourcesBuildPhase;
			buildActionMask = 2147483647;
			files = (
				B13B7BA91E0CACB100A6FF60 /* GitHubViewerUITests.m in Sources */,
			);
			runOnlyForDeploymentPostprocessing = 0;
		};
/* End PBXSourcesBuildPhase section */

/* Begin PBXTargetDependency section */
		B13B7B9B1E0CACB100A6FF60 /* PBXTargetDependency */ = {
			isa = PBXTargetDependency;
			target = B13B7B7C1E0CACB000A6FF60 /* GitHubViewer */;
			targetProxy = B13B7B9A1E0CACB100A6FF60 /* PBXContainerItemProxy */;
		};
		B13B7BA61E0CACB100A6FF60 /* PBXTargetDependency */ = {
			isa = PBXTargetDependency;
			target = B13B7B7C1E0CACB000A6FF60 /* GitHubViewer */;
			targetProxy = B13B7BA51E0CACB100A6FF60 /* PBXContainerItemProxy */;
		};
/* End PBXTargetDependency section */

/* Begin PBXVariantGroup section */
		B13B7B891E0CACB000A6FF60 /* Main.storyboard */ = {
			isa = PBXVariantGroup;
			children = (
				B13B7B8A1E0CACB000A6FF60 /* Base */,
			);
			name = Main.storyboard;
			sourceTree = "<group>";
		};
		B13B7B911E0CACB000A6FF60 /* LaunchScreen.storyboard */ = {
			isa = PBXVariantGroup;
			children = (
				B13B7B921E0CACB000A6FF60 /* Base */,
			);
			name = LaunchScreen.storyboard;
			sourceTree = "<group>";
		};
/* End PBXVariantGroup section */

/* Begin XCBuildConfiguration section */
		B13B7BAB1E0CACB100A6FF60 /* Debug */ = {
			isa = XCBuildConfiguration;
			buildSettings = {
				ALWAYS_SEARCH_USER_PATHS = NO;
				CLANG_ANALYZER_NONNULL = YES;
				CLANG_CXX_LANGUAGE_STANDARD = "gnu++0x";
				CLANG_CXX_LIBRARY = "libc++";
				CLANG_ENABLE_MODULES = YES;
				CLANG_ENABLE_OBJC_ARC = YES;
				CLANG_WARN_BOOL_CONVERSION = YES;
				CLANG_WARN_CONSTANT_CONVERSION = YES;
				CLANG_WARN_DIRECT_OBJC_ISA_USAGE = YES_ERROR;
				CLANG_WARN_DOCUMENTATION_COMMENTS = YES;
				CLANG_WARN_EMPTY_BODY = YES;
				CLANG_WARN_ENUM_CONVERSION = YES;
				CLANG_WARN_INFINITE_RECURSION = YES;
				CLANG_WARN_INT_CONVERSION = YES;
				CLANG_WARN_OBJC_ROOT_CLASS = YES_ERROR;
				CLANG_WARN_SUSPICIOUS_MOVES = YES;
				CLANG_WARN_UNREACHABLE_CODE = YES;
				CLANG_WARN__DUPLICATE_METHOD_MATCH = YES;
				"CODE_SIGN_IDENTITY[sdk=iphoneos*]" = "iPhone Developer";
				COPY_PHASE_STRIP = NO;
				DEBUG_INFORMATION_FORMAT = dwarf;
				ENABLE_STRICT_OBJC_MSGSEND = YES;
				ENABLE_TESTABILITY = YES;
				GCC_C_LANGUAGE_STANDARD = gnu99;
				GCC_DYNAMIC_NO_PIC = NO;
				GCC_NO_COMMON_BLOCKS = YES;
				GCC_OPTIMIZATION_LEVEL = 0;
				GCC_PREPROCESSOR_DEFINITIONS = (
					"DEBUG=1",
					"$(inherited)",
				);
				GCC_WARN_64_TO_32_BIT_CONVERSION = YES;
				GCC_WARN_ABOUT_RETURN_TYPE = YES_ERROR;
				GCC_WARN_UNDECLARED_SELECTOR = YES;
				GCC_WARN_UNINITIALIZED_AUTOS = YES_AGGRESSIVE;
				GCC_WARN_UNUSED_FUNCTION = YES;
				GCC_WARN_UNUSED_VARIABLE = YES;
				IPHONEOS_DEPLOYMENT_TARGET = 10.0;
				MTL_ENABLE_DEBUG_INFO = YES;
				ONLY_ACTIVE_ARCH = YES;
				SDKROOT = iphoneos;
				TARGETED_DEVICE_FAMILY = "1,2";
			};
			name = Debug;
		};
		B13B7BAC1E0CACB100A6FF60 /* Release */ = {
			isa = XCBuildConfiguration;
			buildSettings = {
				ALWAYS_SEARCH_USER_PATHS = NO;
				CLANG_ANALYZER_NONNULL = YES;
				CLANG_CXX_LANGUAGE_STANDARD = "gnu++0x";
				CLANG_CXX_LIBRARY = "libc++";
				CLANG_ENABLE_MODULES = YES;
				CLANG_ENABLE_OBJC_ARC = YES;
				CLANG_WARN_BOOL_CONVERSION = YES;
				CLANG_WARN_CONSTANT_CONVERSION = YES;
				CLANG_WARN_DIRECT_OBJC_ISA_USAGE = YES_ERROR;
				CLANG_WARN_DOCUMENTATION_COMMENTS = YES;
				CLANG_WARN_EMPTY_BODY = YES;
				CLANG_WARN_ENUM_CONVERSION = YES;
				CLANG_WARN_INFINITE_RECURSION = YES;
				CLANG_WARN_INT_CONVERSION = YES;
				CLANG_WARN_OBJC_ROOT_CLASS = YES_ERROR;
				CLANG_WARN_SUSPICIOUS_MOVES = YES;
				CLANG_WARN_UNREACHABLE_CODE = YES;
				CLANG_WARN__DUPLICATE_METHOD_MATCH = YES;
				"CODE_SIGN_IDENTITY[sdk=iphoneos*]" = "iPhone Developer";
				COPY_PHASE_STRIP = NO;
				DEBUG_INFORMATION_FORMAT = "dwarf-with-dsym";
				ENABLE_NS_ASSERTIONS = NO;
				ENABLE_STRICT_OBJC_MSGSEND = YES;
				GCC_C_LANGUAGE_STANDARD = gnu99;
				GCC_NO_COMMON_BLOCKS = YES;
				GCC_WARN_64_TO_32_BIT_CONVERSION = YES;
				GCC_WARN_ABOUT_RETURN_TYPE = YES_ERROR;
				GCC_WARN_UNDECLARED_SELECTOR = YES;
				GCC_WARN_UNINITIALIZED_AUTOS = YES_AGGRESSIVE;
				GCC_WARN_UNUSED_FUNCTION = YES;
				GCC_WARN_UNUSED_VARIABLE = YES;
				IPHONEOS_DEPLOYMENT_TARGET = 10.0;
				MTL_ENABLE_DEBUG_INFO = NO;
				SDKROOT = iphoneos;
				TARGETED_DEVICE_FAMILY = "1,2";
				VALIDATE_PRODUCT = YES;
			};
			name = Release;
		};
		B13B7BAE1E0CACB100A6FF60 /* Debug */ = {
			isa = XCBuildConfiguration;
			baseConfigurationReference = A26B85953B67C10EB497E49B /* Pods-GitHubViewer.debug.xcconfig */;
			buildSettings = {
				ASSETCATALOG_COMPILER_APPICON_NAME = AppIcon;
				INFOPLIST_FILE = GitHubViewer/Info.plist;
				IPHONEOS_DEPLOYMENT_TARGET = 9.0;
				LD_RUNPATH_SEARCH_PATHS = "$(inherited) @executable_path/Frameworks";
				PRODUCT_BUNDLE_IDENTIFIER = br.com.pedroyusim.GitHubViewer;
				PRODUCT_NAME = "$(TARGET_NAME)";
			};
			name = Debug;
		};
		B13B7BAF1E0CACB100A6FF60 /* Release */ = {
			isa = XCBuildConfiguration;
			baseConfigurationReference = ED5D5AF51531C5FC6C1F797A /* Pods-GitHubViewer.release.xcconfig */;
			buildSettings = {
				ASSETCATALOG_COMPILER_APPICON_NAME = AppIcon;
				INFOPLIST_FILE = GitHubViewer/Info.plist;
				IPHONEOS_DEPLOYMENT_TARGET = 9.0;
				LD_RUNPATH_SEARCH_PATHS = "$(inherited) @executable_path/Frameworks";
				PRODUCT_BUNDLE_IDENTIFIER = br.com.pedroyusim.GitHubViewer;
				PRODUCT_NAME = "$(TARGET_NAME)";
			};
			name = Release;
		};
		B13B7BB11E0CACB100A6FF60 /* Debug */ = {
			isa = XCBuildConfiguration;
			baseConfigurationReference = 5833931BF409E2FDD4136E63 /* Pods-GitHubViewerTests.debug.xcconfig */;
			buildSettings = {
				BUNDLE_LOADER = "$(TEST_HOST)";
				CLANG_ENABLE_MODULES = YES;
				INFOPLIST_FILE = GitHubViewerTests/Info.plist;
				LD_RUNPATH_SEARCH_PATHS = "$(inherited) @executable_path/Frameworks @loader_path/Frameworks";
				PRODUCT_BUNDLE_IDENTIFIER = br.com.pedroyusim.GitHubViewerTests;
				PRODUCT_NAME = "$(TARGET_NAME)";
				SWIFT_OBJC_BRIDGING_HEADER = "GitHubViewerTests/GitHubViewerTests-Bridging-Header.h";
				SWIFT_OPTIMIZATION_LEVEL = "-Onone";
				SWIFT_VERSION = 3.0;
				TEST_HOST = "$(BUILT_PRODUCTS_DIR)/GitHubViewer.app/GitHubViewer";
			};
			name = Debug;
		};
		B13B7BB21E0CACB100A6FF60 /* Release */ = {
			isa = XCBuildConfiguration;
			baseConfigurationReference = 15FB0E89D58543C8AA4BE104 /* Pods-GitHubViewerTests.release.xcconfig */;
			buildSettings = {
				BUNDLE_LOADER = "$(TEST_HOST)";
				CLANG_ENABLE_MODULES = YES;
				INFOPLIST_FILE = GitHubViewerTests/Info.plist;
				LD_RUNPATH_SEARCH_PATHS = "$(inherited) @executable_path/Frameworks @loader_path/Frameworks";
				PRODUCT_BUNDLE_IDENTIFIER = br.com.pedroyusim.GitHubViewerTests;
				PRODUCT_NAME = "$(TARGET_NAME)";
				SWIFT_OBJC_BRIDGING_HEADER = "GitHubViewerTests/GitHubViewerTests-Bridging-Header.h";
				SWIFT_VERSION = 3.0;
				TEST_HOST = "$(BUILT_PRODUCTS_DIR)/GitHubViewer.app/GitHubViewer";
			};
			name = Release;
		};
		B13B7BB41E0CACB100A6FF60 /* Debug */ = {
			isa = XCBuildConfiguration;
			baseConfigurationReference = 3076B9BD0358E354F02EEAD8 /* Pods-GitHubViewerUITests.debug.xcconfig */;
			buildSettings = {
				INFOPLIST_FILE = GitHubViewerUITests/Info.plist;
				LD_RUNPATH_SEARCH_PATHS = "$(inherited) @executable_path/Frameworks @loader_path/Frameworks";
				PRODUCT_BUNDLE_IDENTIFIER = br.com.pedroyusim.GitHubViewerUITests;
				PRODUCT_NAME = "$(TARGET_NAME)";
				TEST_TARGET_NAME = GitHubViewer;
			};
			name = Debug;
		};
		B13B7BB51E0CACB100A6FF60 /* Release */ = {
			isa = XCBuildConfiguration;
			baseConfigurationReference = E973D5AD7525F929F100F18D /* Pods-GitHubViewerUITests.release.xcconfig */;
			buildSettings = {
				INFOPLIST_FILE = GitHubViewerUITests/Info.plist;
				LD_RUNPATH_SEARCH_PATHS = "$(inherited) @executable_path/Frameworks @loader_path/Frameworks";
				PRODUCT_BUNDLE_IDENTIFIER = br.com.pedroyusim.GitHubViewerUITests;
				PRODUCT_NAME = "$(TARGET_NAME)";
				TEST_TARGET_NAME = GitHubViewer;
			};
			name = Release;
		};
/* End XCBuildConfiguration section */

/* Begin XCConfigurationList section */
		B13B7B781E0CACB000A6FF60 /* Build configuration list for PBXProject "GitHubViewer" */ = {
			isa = XCConfigurationList;
			buildConfigurations = (
				B13B7BAB1E0CACB100A6FF60 /* Debug */,
				B13B7BAC1E0CACB100A6FF60 /* Release */,
			);
			defaultConfigurationIsVisible = 0;
			defaultConfigurationName = Release;
		};
		B13B7BAD1E0CACB100A6FF60 /* Build configuration list for PBXNativeTarget "GitHubViewer" */ = {
			isa = XCConfigurationList;
			buildConfigurations = (
				B13B7BAE1E0CACB100A6FF60 /* Debug */,
				B13B7BAF1E0CACB100A6FF60 /* Release */,
			);
			defaultConfigurationIsVisible = 0;
			defaultConfigurationName = Release;
		};
		B13B7BB01E0CACB100A6FF60 /* Build configuration list for PBXNativeTarget "GitHubViewerTests" */ = {
			isa = XCConfigurationList;
			buildConfigurations = (
				B13B7BB11E0CACB100A6FF60 /* Debug */,
				B13B7BB21E0CACB100A6FF60 /* Release */,
			);
			defaultConfigurationIsVisible = 0;
			defaultConfigurationName = Release;
		};
		B13B7BB31E0CACB100A6FF60 /* Build configuration list for PBXNativeTarget "GitHubViewerUITests" */ = {
			isa = XCConfigurationList;
			buildConfigurations = (
				B13B7BB41E0CACB100A6FF60 /* Debug */,
				B13B7BB51E0CACB100A6FF60 /* Release */,
			);
			defaultConfigurationIsVisible = 0;
			defaultConfigurationName = Release;
		};
/* End XCConfigurationList section */

/* Begin XCVersionGroup section */
		B13B7B8C1E0CACB000A6FF60 /* GitHubViewer.xcdatamodeld */ = {
			isa = XCVersionGroup;
			children = (
				B13B7B8D1E0CACB000A6FF60 /* GitHubViewer.xcdatamodel */,
			);
			currentVersion = B13B7B8D1E0CACB000A6FF60 /* GitHubViewer.xcdatamodel */;
			path = GitHubViewer.xcdatamodeld;
			sourceTree = "<group>";
			versionGroupType = wrapper.xcdatamodel;
		};
/* End XCVersionGroup section */
	};
	rootObject = B13B7B751E0CACB000A6FF60 /* Project object */;
}
